
Microsoft Visual Studio Solution File, Format Version 12.00
# Visual Studio Version 16
VisualStudioVersion = 16.0.30517.126
MinimumVisualStudioVersion = 10.0.40219.1
Project("{8BC9CEB8-8B4A-11D0-8D11-00A0C91BC942}") = "DS", "DS.vcxproj", "{FE4414D6-D4E5-450E-A51B-A2FB3EBD9ABD}"
EndProject
Global
	GlobalSection(SolutionConfigurationPlatforms) = preSolution
		Debug|x64 = Debug|x64
		Debug|x86 = Debug|x86
		Release|x64 = Release|x64
		Release|x86 = Release|x86
	EndGlobalSection
	GlobalSection(ProjectConfigurationPlatforms) = postSolution
		{FE4414D6-D4E5-450E-A51B-A2FB3EBD9ABD}.Debug|x64.ActiveCfg = Debug|x64
		{FE4414D6-D4E5-450E-A51B-A2FB3EBD9ABD}.Debug|x64.Build.0 = Debug|x64
		{FE4414D6-D4E5-450E-A51B-A2FB3EBD9ABD}.Debug|x86.ActiveCfg = Debug|Win32
		{FE4414D6-D4E5-450E-A51B-A2FB3EBD9ABD}.Debug|x86.Build.0 = Debug|Win32
		{FE4414D6-D4E5-450E-A51B-A2FB3EBD9ABD}.Release|x64.ActiveCfg = Release|x64
		{FE4414D6-D4E5-450E-A51B-A2FB3EBD9ABD}.Release|x64.Build.0 = Release|x64
		{FE4414D6-D4E5-450E-A51B-A2FB3EBD9ABD}.Release|x86.ActiveCfg = Release|Win32
		{FE4414D6-D4E5-450E-A51B-A2FB3EBD9ABD}.Release|x86.Build.0 = Release|Win32
	EndGlobalSection
	GlobalSection(SolutionProperties) = preSolution
		HideSolutionNode = FALSE
	EndGlobalSection
	GlobalSection(ExtensibilityGlobals) = postSolution
		SolutionGuid = {488BFF8A-7376-4B29-AD46-0CF00BA34F59}
	EndGlobalSection
EndGlobal
